
Microsoft Visual Studio Solution File, Format Version 12.00
# Visual Studio Version 17
VisualStudioVersion = 17.7.34221.43
MinimumVisualStudioVersion = 10.0.40219.1
Project("{2150E333-8FDC-42A3-9474-1A3956D46DE8}") = "Services", "Services", "{19B6FBFD-E9C5-4D26-87C6-8FE412935986}"
EndProject
Project("{2150E333-8FDC-42A3-9474-1A3956D46DE8}") = "Catalog", "Catalog", "{6DF04D13-365E-45E1-AD79-1DE1843173A4}"
EndProject
Project("{9A19103F-16F7-4668-BE54-9A1E7A4F7556}") = "Catalog.API", "Services\Catalog\Catalog.API\Catalog.API.csproj", "{3AED9982-966C-42E6-9463-CBE57AD0DD50}"
EndProject
Project("{E53339B2-1760-4266-BCC7-CA923CBCF16C}") = "docker-compose", "docker-compose.dcproj", "{0ADC5167-A68A-46E9-9405-BE2916A4318E}"
EndProject
Project("{2150E333-8FDC-42A3-9474-1A3956D46DE8}") = "Basket", "Basket", "{7DA80319-5F22-4FD1-81A8-A5FEFD369B18}"
EndProject
Project("{9A19103F-16F7-4668-BE54-9A1E7A4F7556}") = "Basket.API", "Services\Basket\Basket.API\Basket.API.csproj", "{78CE9671-CEF4-4969-9B7A-114233A12B3D}"
EndProject
Project("{2150E333-8FDC-42A3-9474-1A3956D46DE8}") = "Discount", "Discount", "{27456DDE-A51E-4451-B677-BF518E800BFB}"
EndProject
Project("{9A19103F-16F7-4668-BE54-9A1E7A4F7556}") = "Discount.API", "Services\Discount\Discount.API\Discount.API.csproj", "{3920080F-2AF5-492E-8F96-3EE063D3ED29}"
EndProject
Global
	GlobalSection(SolutionConfigurationPlatforms) = preSolution
		Debug|Any CPU = Debug|Any CPU
		Release|Any CPU = Release|Any CPU
	EndGlobalSection
	GlobalSection(ProjectConfigurationPlatforms) = postSolution
		{3AED9982-966C-42E6-9463-CBE57AD0DD50}.Debug|Any CPU.ActiveCfg = Debug|Any CPU
		{3AED9982-966C-42E6-9463-CBE57AD0DD50}.Debug|Any CPU.Build.0 = Debug|Any CPU
		{3AED9982-966C-42E6-9463-CBE57AD0DD50}.Release|Any CPU.ActiveCfg = Release|Any CPU
		{3AED9982-966C-42E6-9463-CBE57AD0DD50}.Release|Any CPU.Build.0 = Release|Any CPU
		{0ADC5167-A68A-46E9-9405-BE2916A4318E}.Debug|Any CPU.ActiveCfg = Debug|Any CPU
		{0ADC5167-A68A-46E9-9405-BE2916A4318E}.Debug|Any CPU.Build.0 = Debug|Any CPU
		{0ADC5167-A68A-46E9-9405-BE2916A4318E}.Release|Any CPU.ActiveCfg = Release|Any CPU
		{0ADC5167-A68A-46E9-9405-BE2916A4318E}.Release|Any CPU.Build.0 = Release|Any CPU
		{78CE9671-CEF4-4969-9B7A-114233A12B3D}.Debug|Any CPU.ActiveCfg = Debug|Any CPU
		{78CE9671-CEF4-4969-9B7A-114233A12B3D}.Debug|Any CPU.Build.0 = Debug|Any CPU
		{78CE9671-CEF4-4969-9B7A-114233A12B3D}.Release|Any CPU.ActiveCfg = Release|Any CPU
		{78CE9671-CEF4-4969-9B7A-114233A12B3D}.Release|Any CPU.Build.0 = Release|Any CPU
		{3920080F-2AF5-492E-8F96-3EE063D3ED29}.Debug|Any CPU.ActiveCfg = Debug|Any CPU
		{3920080F-2AF5-492E-8F96-3EE063D3ED29}.Debug|Any CPU.Build.0 = Debug|Any CPU
		{3920080F-2AF5-492E-8F96-3EE063D3ED29}.Release|Any CPU.ActiveCfg = Release|Any CPU
		{3920080F-2AF5-492E-8F96-3EE063D3ED29}.Release|Any CPU.Build.0 = Release|Any CPU
	EndGlobalSection
	GlobalSection(SolutionProperties) = preSolution
		HideSolutionNode = FALSE
	EndGlobalSection
	GlobalSection(NestedProjects) = preSolution
		{6DF04D13-365E-45E1-AD79-1DE1843173A4} = {19B6FBFD-E9C5-4D26-87C6-8FE412935986}
		{3AED9982-966C-42E6-9463-CBE57AD0DD50} = {6DF04D13-365E-45E1-AD79-1DE1843173A4}
		{7DA80319-5F22-4FD1-81A8-A5FEFD369B18} = {19B6FBFD-E9C5-4D26-87C6-8FE412935986}
		{78CE9671-CEF4-4969-9B7A-114233A12B3D} = {7DA80319-5F22-4FD1-81A8-A5FEFD369B18}
		{27456DDE-A51E-4451-B677-BF518E800BFB} = {19B6FBFD-E9C5-4D26-87C6-8FE412935986}
		{3920080F-2AF5-492E-8F96-3EE063D3ED29} = {27456DDE-A51E-4451-B677-BF518E800BFB}
	EndGlobalSection
	GlobalSection(ExtensibilityGlobals) = postSolution
		SolutionGuid = {04898258-C01F-47FF-A192-AA15F757A19B}
	EndGlobalSection
EndGlobal
